// !$*UTF8*$!
{
	archiveVersion = 1;
	classes = {
	};
	objectVersion = 52;
	objects = {

/* Begin PBXBuildFile section */
		04A558E9FF8D31D6E0792744 /* Pods_iOSClockDemo.framework in Frameworks */ = {isa = PBXBuildFile; fileRef = 60D7C75DE8BB336CA526A899 /* Pods_iOSClockDemo.framework */; };
		880516C924D13A29008306DE /* AppDelegate.swift in Sources */ = {isa = PBXBuildFile; fileRef = 880516C824D13A29008306DE /* AppDelegate.swift */; };
		880516CB24D13A29008306DE /* SceneDelegate.swift in Sources */ = {isa = PBXBuildFile; fileRef = 880516CA24D13A29008306DE /* SceneDelegate.swift */; };
		880516D024D13A29008306DE /* Main.storyboard in Resources */ = {isa = PBXBuildFile; fileRef = 880516CE24D13A29008306DE /* Main.storyboard */; };
		880516D224D13A2B008306DE /* Assets.xcassets in Resources */ = {isa = PBXBuildFile; fileRef = 880516D124D13A2B008306DE /* Assets.xcassets */; };
		880516D524D13A2B008306DE /* LaunchScreen.storyboard in Resources */ = {isa = PBXBuildFile; fileRef = 880516D324D13A2B008306DE /* LaunchScreen.storyboard */; };
		880516E024D13AA3008306DE /* MainTableViewController.swift in Sources */ = {isa = PBXBuildFile; fileRef = 880516DF24D13AA3008306DE /* MainTableViewController.swift */; };
		880516E424D13AE0008306DE /* SelectRepeatDayTableViewController.swift in Sources */ = {isa = PBXBuildFile; fileRef = 880516E324D13AE0008306DE /* SelectRepeatDayTableViewController.swift */; };
		880516E624D13B0F008306DE /* InputDescriptionViewController.swift in Sources */ = {isa = PBXBuildFile; fileRef = 880516E524D13B0F008306DE /* InputDescriptionViewController.swift */; };
		880516E824D13B4B008306DE /* SelectSoundTableViewController.swift in Sources */ = {isa = PBXBuildFile; fileRef = 880516E724D13B4B008306DE /* SelectSoundTableViewController.swift */; };
		880516EC24D14457008306DE /* AddClockTableViewController.swift in Sources */ = {isa = PBXBuildFile; fileRef = 880516EB24D14457008306DE /* AddClockTableViewController.swift */; };
		885F8FD024E18E320003D2F4 /* ClockRealm.swift in Sources */ = {isa = PBXBuildFile; fileRef = 885F8FCF24E18E320003D2F4 /* ClockRealm.swift */; };
		889A4E8425026F23000902B4 /* MainClockTableViewCell.swift in Sources */ = {isa = PBXBuildFile; fileRef = 889A4E8325026F23000902B4 /* MainClockTableViewCell.swift */; };
/* End PBXBuildFile section */

/* Begin PBXFileReference section */
		24E822B35B2DDD560F175C70 /* Pods-iOSClockDemo.release.xcconfig */ = {isa = PBXFileReference; includeInIndex = 1; lastKnownFileType = text.xcconfig; name = "Pods-iOSClockDemo.release.xcconfig"; path = "Target Support Files/Pods-iOSClockDemo/Pods-iOSClockDemo.release.xcconfig"; sourceTree = "<group>"; };
		3D30F19F1B04E8375AB53866 /* Pods-iOSClockDemo.debug.xcconfig */ = {isa = PBXFileReference; includeInIndex = 1; lastKnownFileType = text.xcconfig; name = "Pods-iOSClockDemo.debug.xcconfig"; path = "Target Support Files/Pods-iOSClockDemo/Pods-iOSClockDemo.debug.xcconfig"; sourceTree = "<group>"; };
		60D7C75DE8BB336CA526A899 /* Pods_iOSClockDemo.framework */ = {isa = PBXFileReference; explicitFileType = wrapper.framework; includeInIndex = 0; path = Pods_iOSClockDemo.framework; sourceTree = BUILT_PRODUCTS_DIR; };
		880516C524D13A29008306DE /* iOSClockDemo.app */ = {isa = PBXFileReference; explicitFileType = wrapper.application; includeInIndex = 0; path = iOSClockDemo.app; sourceTree = BUILT_PRODUCTS_DIR; };
		880516C824D13A29008306DE /* AppDelegate.swift */ = {isa = PBXFileReference; lastKnownFileType = sourcecode.swift; path = AppDelegate.swift; sourceTree = "<group>"; };
		880516CA24D13A29008306DE /* SceneDelegate.swift */ = {isa = PBXFileReference; lastKnownFileType = sourcecode.swift; path = SceneDelegate.swift; sourceTree = "<group>"; };
		880516CF24D13A29008306DE /* Base */ = {isa = PBXFileReference; lastKnownFileType = file.storyboard; name = Base; path = Base.lproj/Main.storyboard; sourceTree = "<group>"; };
		880516D124D13A2B008306DE /* Assets.xcassets */ = {isa = PBXFileReference; lastKnownFileType = folder.assetcatalog; path = Assets.xcassets; sourceTree = "<group>"; };
		880516D424D13A2B008306DE /* Base */ = {isa = PBXFileReference; lastKnownFileType = file.storyboard; name = Base; path = Base.lproj/LaunchScreen.storyboard; sourceTree = "<group>"; };
		880516D624D13A2B008306DE /* Info.plist */ = {isa = PBXFileReference; lastKnownFileType = text.plist.xml; path = Info.plist; sourceTree = "<group>"; };
		880516DF24D13AA3008306DE /* MainTableViewController.swift */ = {isa = PBXFileReference; lastKnownFileType = sourcecode.swift; path = MainTableViewController.swift; sourceTree = "<group>"; };
		880516E324D13AE0008306DE /* SelectRepeatDayTableViewController.swift */ = {isa = PBXFileReference; lastKnownFileType = sourcecode.swift; path = SelectRepeatDayTableViewController.swift; sourceTree = "<group>"; };
		880516E524D13B0F008306DE /* InputDescriptionViewController.swift */ = {isa = PBXFileReference; lastKnownFileType = sourcecode.swift; path = InputDescriptionViewController.swift; sourceTree = "<group>"; };
		880516E724D13B4B008306DE /* SelectSoundTableViewController.swift */ = {isa = PBXFileReference; lastKnownFileType = sourcecode.swift; path = SelectSoundTableViewController.swift; sourceTree = "<group>"; };
		880516EB24D14457008306DE /* AddClockTableViewController.swift */ = {isa = PBXFileReference; lastKnownFileType = sourcecode.swift; path = AddClockTableViewController.swift; sourceTree = "<group>"; };
		882EFAD3251C9CB400E84BD1 /* iOSClockDemo.entitlements */ = {isa = PBXFileReference; lastKnownFileType = text.plist.entitlements; path = iOSClockDemo.entitlements; sourceTree = "<group>"; };
		885F8FCF24E18E320003D2F4 /* ClockRealm.swift */ = {isa = PBXFileReference; lastKnownFileType = sourcecode.swift; path = ClockRealm.swift; sourceTree = "<group>"; };
		889A4E8325026F23000902B4 /* MainClockTableViewCell.swift */ = {isa = PBXFileReference; lastKnownFileType = sourcecode.swift; path = MainClockTableViewCell.swift; sourceTree = "<group>"; };
/* End PBXFileReference section */

/* Begin PBXFrameworksBuildPhase section */
		880516C224D13A29008306DE /* Frameworks */ = {
			isa = PBXFrameworksBuildPhase;
			buildActionMask = 2147483647;
			files = (
				04A558E9FF8D31D6E0792744 /* Pods_iOSClockDemo.framework in Frameworks */,
			);
			runOnlyForDeploymentPostprocessing = 0;
		};
/* End PBXFrameworksBuildPhase section */

/* Begin PBXGroup section */
		880516BC24D13A29008306DE = {
			isa = PBXGroup;
			children = (
				880516C724D13A29008306DE /* iOSClockDemo */,
				880516C624D13A29008306DE /* Products */,
				B173BF87E0B274B543A98DD6 /* Pods */,
				98F746BBDE36D75906631AA2 /* Frameworks */,
			);
			sourceTree = "<group>";
		};
		880516C624D13A29008306DE /* Products */ = {
			isa = PBXGroup;
			children = (
				880516C524D13A29008306DE /* iOSClockDemo.app */,
			);
			name = Products;
			sourceTree = "<group>";
		};
		880516C724D13A29008306DE /* iOSClockDemo */ = {
			isa = PBXGroup;
			children = (
				882EFAD3251C9CB400E84BD1 /* iOSClockDemo.entitlements */,
				880516DE24D13A8F008306DE /* Model */,
				880516DD24D13A89008306DE /* View */,
				880516DC24D13A80008306DE /* Controller */,
				880516C824D13A29008306DE /* AppDelegate.swift */,
				880516CA24D13A29008306DE /* SceneDelegate.swift */,
				880516CE24D13A29008306DE /* Main.storyboard */,
				880516D124D13A2B008306DE /* Assets.xcassets */,
				880516D324D13A2B008306DE /* LaunchScreen.storyboard */,
				880516D624D13A2B008306DE /* Info.plist */,
			);
			path = iOSClockDemo;
			sourceTree = "<group>";
		};
		880516DC24D13A80008306DE /* Controller */ = {
			isa = PBXGroup;
			children = (
				880516DF24D13AA3008306DE /* MainTableViewController.swift */,
				880516EB24D14457008306DE /* AddClockTableViewController.swift */,
				880516E324D13AE0008306DE /* SelectRepeatDayTableViewController.swift */,
				880516E524D13B0F008306DE /* InputDescriptionViewController.swift */,
				880516E724D13B4B008306DE /* SelectSoundTableViewController.swift */,
			);
			path = Controller;
			sourceTree = "<group>";
		};
		880516DD24D13A89008306DE /* View */ = {
			isa = PBXGroup;
			children = (
				889A4E8325026F23000902B4 /* MainClockTableViewCell.swift */,
			);
			path = View;
			sourceTree = "<group>";
		};
		880516DE24D13A8F008306DE /* Model */ = {
			isa = PBXGroup;
			children = (
				885F8FCF24E18E320003D2F4 /* ClockRealm.swift */,
			);
			path = Model;
			sourceTree = "<group>";
		};
		98F746BBDE36D75906631AA2 /* Frameworks */ = {
			isa = PBXGroup;
			children = (
				60D7C75DE8BB336CA526A899 /* Pods_iOSClockDemo.framework */,
			);
			name = Frameworks;
			sourceTree = "<group>";
		};
		B173BF87E0B274B543A98DD6 /* Pods */ = {
			isa = PBXGroup;
			children = (
				3D30F19F1B04E8375AB53866 /* Pods-iOSClockDemo.debug.xcconfig */,
				24E822B35B2DDD560F175C70 /* Pods-iOSClockDemo.release.xcconfig */,
			);
			path = Pods;
			sourceTree = "<group>";
		};
/* End PBXGroup section */

/* Begin PBXNativeTarget section */
		880516C424D13A29008306DE /* iOSClockDemo */ = {
			isa = PBXNativeTarget;
			buildConfigurationList = 880516D924D13A2B008306DE /* Build configuration list for PBXNativeTarget "iOSClockDemo" */;
			buildPhases = (
				6C9B3EC45F3D6513062CE47A /* [CP] Check Pods Manifest.lock */,
				880516C124D13A29008306DE /* Sources */,
				880516C224D13A29008306DE /* Frameworks */,
				880516C324D13A29008306DE /* Resources */,
				973252A71D487AC6C200420D /* [CP] Embed Pods Frameworks */,
			);
			buildRules = (
			);
			dependencies = (
			);
			name = iOSClockDemo;
			productName = iOSClockDemo;
			productReference = 880516C524D13A29008306DE /* iOSClockDemo.app */;
			productType = "com.apple.product-type.application";
		};
/* End PBXNativeTarget section */

/* Begin PBXProject section */
		880516BD24D13A29008306DE /* Project object */ = {
			isa = PBXProject;
			attributes = {
				LastSwiftUpdateCheck = 1160;
				LastUpgradeCheck = 1160;
				ORGANIZATIONNAME = imac;
				TargetAttributes = {
					880516C424D13A29008306DE = {
						CreatedOnToolsVersion = 11.6;
					};
				};
			};
			buildConfigurationList = 880516C024D13A29008306DE /* Build configuration list for PBXProject "iOSClockDemo" */;
			compatibilityVersion = "Xcode 11.0";
			developmentRegion = en;
			hasScannedForEncodings = 0;
			knownRegions = (
				en,
				Base,
			);
			mainGroup = 880516BC24D13A29008306DE;
			productRefGroup = 880516C624D13A29008306DE /* Products */;
			projectDirPath = "";
			projectRoot = "";
			targets = (
				880516C424D13A29008306DE /* iOSClockDemo */,
			);
		};
/* End PBXProject section */

/* Begin PBXResourcesBuildPhase section */
		880516C324D13A29008306DE /* Resources */ = {
			isa = PBXResourcesBuildPhase;
			buildActionMask = 2147483647;
			files = (
				880516D524D13A2B008306DE /* LaunchScreen.storyboard in Resources */,
				880516D224D13A2B008306DE /* Assets.xcassets in Resources */,
				880516D024D13A29008306DE /* Main.storyboard in Resources */,
			);
			runOnlyForDeploymentPostprocessing = 0;
		};
/* End PBXResourcesBuildPhase section */

/* Begin PBXShellScriptBuildPhase section */
		6C9B3EC45F3D6513062CE47A /* [CP] Check Pods Manifest.lock */ = {
			isa = PBXShellScriptBuildPhase;
			buildActionMask = 2147483647;
			files = (
			);
			inputFileListPaths = (
			);
			inputPaths = (
				"${PODS_PODFILE_DIR_PATH}/Podfile.lock",
				"${PODS_ROOT}/Manifest.lock",
			);
			name = "[CP] Check Pods Manifest.lock";
			outputFileListPaths = (
			);
			outputPaths = (
				"$(DERIVED_FILE_DIR)/Pods-iOSClockDemo-checkManifestLockResult.txt",
			);
			runOnlyForDeploymentPostprocessing = 0;
			shellPath = /bin/sh;
			shellScript = "diff \"${PODS_PODFILE_DIR_PATH}/Podfile.lock\" \"${PODS_ROOT}/Manifest.lock\" > /dev/null\nif [ $? != 0 ] ; then\n    # print error to STDERR\n    echo \"error: The sandbox is not in sync with the Podfile.lock. Run 'pod install' or update your CocoaPods installation.\" >&2\n    exit 1\nfi\n# This output is used by Xcode 'outputs' to avoid re-running this script phase.\necho \"SUCCESS\" > \"${SCRIPT_OUTPUT_FILE_0}\"\n";
			showEnvVarsInLog = 0;
		};
		973252A71D487AC6C200420D /* [CP] Embed Pods Frameworks */ = {
			isa = PBXShellScriptBuildPhase;
			buildActionMask = 2147483647;
			files = (
			);
			inputFileListPaths = (
				"${PODS_ROOT}/Target Support Files/Pods-iOSClockDemo/Pods-iOSClockDemo-frameworks-${CONFIGURATION}-input-files.xcfilelist",
			);
			name = "[CP] Embed Pods Frameworks";
			outputFileListPaths = (
				"${PODS_ROOT}/Target Support Files/Pods-iOSClockDemo/Pods-iOSClockDemo-frameworks-${CONFIGURATION}-output-files.xcfilelist",
			);
			runOnlyForDeploymentPostprocessing = 0;
			shellPath = /bin/sh;
			shellScript = "\"${PODS_ROOT}/Target Support Files/Pods-iOSClockDemo/Pods-iOSClockDemo-frameworks.sh\"\n";
			showEnvVarsInLog = 0;
		};
/* End PBXShellScriptBuildPhase section */

/* Begin PBXSourcesBuildPhase section */
		880516C124D13A29008306DE /* Sources */ = {
			isa = PBXSourcesBuildPhase;
			buildActionMask = 2147483647;
			files = (
				880516E624D13B0F008306DE /* InputDescriptionViewController.swift in Sources */,
				880516E824D13B4B008306DE /* SelectSoundTableViewController.swift in Sources */,
				880516EC24D14457008306DE /* AddClockTableViewController.swift in Sources */,
				889A4E8425026F23000902B4 /* MainClockTableViewCell.swift in Sources */,
				880516E424D13AE0008306DE /* SelectRepeatDayTableViewController.swift in Sources */,
				880516C924D13A29008306DE /* AppDelegate.swift in Sources */,
				885F8FD024E18E320003D2F4 /* ClockRealm.swift in Sources */,
				880516E024D13AA3008306DE /* MainTableViewController.swift in Sources */,
				880516CB24D13A29008306DE /* SceneDelegate.swift in Sources */,
			);
			runOnlyForDeploymentPostprocessing = 0;
		};
/* End PBXSourcesBuildPhase section */

/* Begin PBXVariantGroup section */
		880516CE24D13A29008306DE /* Main.storyboard */ = {
			isa = PBXVariantGroup;
			children = (
				880516CF24D13A29008306DE /* Base */,
			);
			name = Main.storyboard;
			sourceTree = "<group>";
		};
		880516D324D13A2B008306DE /* LaunchScreen.storyboard */ = {
			isa = PBXVariantGroup;
			children = (
				880516D424D13A2B008306DE /* Base */,
			);
			name = LaunchScreen.storyboard;
			sourceTree = "<group>";
		};
/* End PBXVariantGroup section */

/* Begin XCBuildConfiguration section */
		880516D724D13A2B008306DE /* Debug */ = {
			isa = XCBuildConfiguration;
			buildSettings = {
				ALWAYS_SEARCH_USER_PATHS = NO;
				CLANG_ANALYZER_NONNULL = YES;
				CLANG_ANALYZER_NUMBER_OBJECT_CONVERSION = YES_AGGRESSIVE;
				CLANG_CXX_LANGUAGE_STANDARD = "gnu++14";
				CLANG_CXX_LIBRARY = "libc++";
				CLANG_ENABLE_MODULES = YES;
				CLANG_ENABLE_OBJC_ARC = YES;
				CLANG_ENABLE_OBJC_WEAK = YES;
				CLANG_WARN_BLOCK_CAPTURE_AUTORELEASING = YES;
				CLANG_WARN_BOOL_CONVERSION = YES;
				CLANG_WARN_COMMA = YES;
				CLANG_WARN_CONSTANT_CONVERSION = YES;
				CLANG_WARN_DEPRECATED_OBJC_IMPLEMENTATIONS = YES;
				CLANG_WARN_DIRECT_OBJC_ISA_USAGE = YES_ERROR;
				CLANG_WARN_DOCUMENTATION_COMMENTS = YES;
				CLANG_WARN_EMPTY_BODY = YES;
				CLANG_WARN_ENUM_CONVERSION = YES;
				CLANG_WARN_INFINITE_RECURSION = YES;
				CLANG_WARN_INT_CONVERSION = YES;
				CLANG_WARN_NON_LITERAL_NULL_CONVERSION = YES;
				CLANG_WARN_OBJC_IMPLICIT_RETAIN_SELF = YES;
				CLANG_WARN_OBJC_LITERAL_CONVERSION = YES;
				CLANG_WARN_OBJC_ROOT_CLASS = YES_ERROR;
				CLANG_WARN_RANGE_LOOP_ANALYSIS = YES;
				CLANG_WARN_STRICT_PROTOTYPES = YES;
				CLANG_WARN_SUSPICIOUS_MOVE = YES;
				CLANG_WARN_UNGUARDED_AVAILABILITY = YES_AGGRESSIVE;
				CLANG_WARN_UNREACHABLE_CODE = YES;
				CLANG_WARN__DUPLICATE_METHOD_MATCH = YES;
				COPY_PHASE_STRIP = NO;
				DEBUG_INFORMATION_FORMAT = dwarf;
				ENABLE_STRICT_OBJC_MSGSEND = YES;
				ENABLE_TESTABILITY = YES;
				GCC_C_LANGUAGE_STANDARD = gnu11;
				GCC_DYNAMIC_NO_PIC = NO;
				GCC_NO_COMMON_BLOCKS = YES;
				GCC_OPTIMIZATION_LEVEL = 0;
				GCC_PREPROCESSOR_DEFINITIONS = (
					"DEBUG=1",
					"$(inherited)",
				);
				GCC_WARN_64_TO_32_BIT_CONVERSION = YES;
				GCC_WARN_ABOUT_RETURN_TYPE = YES_ERROR;
				GCC_WARN_UNDECLARED_SELECTOR = YES;
				GCC_WARN_UNINITIALIZED_AUTOS = YES_AGGRESSIVE;
				GCC_WARN_UNUSED_FUNCTION = YES;
				GCC_WARN_UNUSED_VARIABLE = YES;
				IPHONEOS_DEPLOYMENT_TARGET = 13.6;
				MTL_ENABLE_DEBUG_INFO = INCLUDE_SOURCE;
				MTL_FAST_MATH = YES;
				ONLY_ACTIVE_ARCH = YES;
				SDKROOT = iphoneos;
				SWIFT_ACTIVE_COMPILATION_CONDITIONS = DEBUG;
				SWIFT_OPTIMIZATION_LEVEL = "-Onone";
			};
			name = Debug;
		};
		880516D824D13A2B008306DE /* Release */ = {
			isa = XCBuildConfiguration;
			buildSettings = {
				ALWAYS_SEARCH_USER_PATHS = NO;
				CLANG_ANALYZER_NONNULL = YES;
				CLANG_ANALYZER_NUMBER_OBJECT_CONVERSION = YES_AGGRESSIVE;
				CLANG_CXX_LANGUAGE_STANDARD = "gnu++14";
				CLANG_CXX_LIBRARY = "libc++";
				CLANG_ENABLE_MODULES = YES;
				CLANG_ENABLE_OBJC_ARC = YES;
				CLANG_ENABLE_OBJC_WEAK = YES;
				CLANG_WARN_BLOCK_CAPTURE_AUTORELEASING = YES;
				CLANG_WARN_BOOL_CONVERSION = YES;
				CLANG_WARN_COMMA = YES;
				CLANG_WARN_CONSTANT_CONVERSION = YES;
				CLANG_WARN_DEPRECATED_OBJC_IMPLEMENTATIONS = YES;
				CLANG_WARN_DIRECT_OBJC_ISA_USAGE = YES_ERROR;
				CLANG_WARN_DOCUMENTATION_COMMENTS = YES;
				CLANG_WARN_EMPTY_BODY = YES;
				CLANG_WARN_ENUM_CONVERSION = YES;
				CLANG_WARN_INFINITE_RECURSION = YES;
				CLANG_WARN_INT_CONVERSION = YES;
				CLANG_WARN_NON_LITERAL_NULL_CONVERSION = YES;
				CLANG_WARN_OBJC_IMPLICIT_RETAIN_SELF = YES;
				CLANG_WARN_OBJC_LITERAL_CONVERSION = YES;
				CLANG_WARN_OBJC_ROOT_CLASS = YES_ERROR;
				CLANG_WARN_RANGE_LOOP_ANALYSIS = YES;
				CLANG_WARN_STRICT_PROTOTYPES = YES;
				CLANG_WARN_SUSPICIOUS_MOVE = YES;
				CLANG_WARN_UNGUARDED_AVAILABILITY = YES_AGGRESSIVE;
				CLANG_WARN_UNREACHABLE_CODE = YES;
				CLANG_WARN__DUPLICATE_METHOD_MATCH = YES;
				COPY_PHASE_STRIP = NO;
				DEBUG_INFORMATION_FORMAT = "dwarf-with-dsym";
				ENABLE_NS_ASSERTIONS = NO;
				ENABLE_STRICT_OBJC_MSGSEND = YES;
				GCC_C_LANGUAGE_STANDARD = gnu11;
				GCC_NO_COMMON_BLOCKS = YES;
				GCC_WARN_64_TO_32_BIT_CONVERSION = YES;
				GCC_WARN_ABOUT_RETURN_TYPE = YES_ERROR;
				GCC_WARN_UNDECLARED_SELECTOR = YES;
				GCC_WARN_UNINITIALIZED_AUTOS = YES_AGGRESSIVE;
				GCC_WARN_UNUSED_FUNCTION = YES;
				GCC_WARN_UNUSED_VARIABLE = YES;
				IPHONEOS_DEPLOYMENT_TARGET = 13.6;
				MTL_ENABLE_DEBUG_INFO = NO;
				MTL_FAST_MATH = YES;
				SDKROOT = iphoneos;
				SWIFT_COMPILATION_MODE = wholemodule;
				SWIFT_OPTIMIZATION_LEVEL = "-O";
				VALIDATE_PRODUCT = YES;
			};
			name = Release;
		};
		880516DA24D13A2B008306DE /* Debug */ = {
			isa = XCBuildConfiguration;
			baseConfigurationReference = 3D30F19F1B04E8375AB53866 /* Pods-iOSClockDemo.debug.xcconfig */;
			buildSettings = {
				ASSETCATALOG_COMPILER_APPICON_NAME = AppIcon;
				CODE_SIGN_ENTITLEMENTS = iOSClockDemo/iOSClockDemo.entitlements;
				CODE_SIGN_STYLE = Automatic;
				DEVELOPMENT_TEAM = S8FBP4YLUA;
				INFOPLIST_FILE = iOSClockDemo/Info.plist;
				IPHONEOS_DEPLOYMENT_TARGET = 13.0;
				LD_RUNPATH_SEARCH_PATHS = (
					"$(inherited)",
					"@executable_path/Frameworks",
				);
				PRODUCT_BUNDLE_IDENTIFIER = com.Xcode.iOSClockDemo;
				PRODUCT_NAME = "$(TARGET_NAME)";
				SWIFT_VERSION = 5.0;
				TARGETED_DEVICE_FAMILY = 1;
			};
			name = Debug;
		};
		880516DB24D13A2B008306DE /* Release */ = {
			isa = XCBuildConfiguration;
			baseConfigurationReference = 24E822B35B2DDD560F175C70 /* Pods-iOSClockDemo.release.xcconfig */;
			buildSettings = {
				ASSETCATALOG_COMPILER_APPICON_NAME = AppIcon;
				CODE_SIGN_ENTITLEMENTS = iOSClockDemo/iOSClockDemo.entitlements;
				CODE_SIGN_STYLE = Automatic;
				DEVELOPMENT_TEAM = S8FBP4YLUA;
				INFOPLIST_FILE = iOSClockDemo/Info.plist;
				IPHONEOS_DEPLOYMENT_TARGET = 13.0;
				LD_RUNPATH_SEARCH_PATHS = (
					"$(inherited)",
					"@executable_path/Frameworks",
				);
				PRODUCT_BUNDLE_IDENTIFIER = com.Xcode.iOSClockDemo;
				PRODUCT_NAME = "$(TARGET_NAME)";
				SWIFT_VERSION = 5.0;
				TARGETED_DEVICE_FAMILY = 1;
			};
			name = Release;
		};
/* End XCBuildConfiguration section */

/* Begin XCConfigurationList section */
		880516C024D13A29008306DE /* Build configuration list for PBXProject "iOSClockDemo" */ = {
			isa = XCConfigurationList;
			buildConfigurations = (
				880516D724D13A2B008306DE /* Debug */,
				880516D824D13A2B008306DE /* Release */,
			);
			defaultConfigurationIsVisible = 0;
			defaultConfigurationName = Release;
		};
		880516D924D13A2B008306DE /* Build configuration list for PBXNativeTarget "iOSClockDemo" */ = {
			isa = XCConfigurationList;
			buildConfigurations = (
				880516DA24D13A2B008306DE /* Debug */,
				880516DB24D13A2B008306DE /* Release */,
			);
			defaultConfigurationIsVisible = 0;
			defaultConfigurationName = Release;
		};
/* End XCConfigurationList section */
	};
	rootObject = 880516BD24D13A29008306DE /* Project object */;
}
